Microsoft Visual Studio Solution File, Format Version 12.00
# Visual Studio Version 16
VisualStudioVersion = 16.0.29306.81
MinimumVisualStudioVersion = 10.0.40219.1
Project("{9A19103F-16F7-4668-BE54-9A1E7A4F7556}") = "DatabaseServer", "DatabaseServer\DatabaseServer.csproj", "{BC499E5D-ABB5-4421-B053-C3C03526EAF8}"
EndProject
Project("{9A19103F-16F7-4668-BE54-9A1E7A4F7556}") = "AuthenticationServer", "Common\AuthenticationServer\AuthenticationServer.csproj", "{E17E7E8F-DE9A-4F05-8700-57FC23FC8BA3}"
EndProject
Project("{9A19103F-16F7-4668-BE54-9A1E7A4F7556}") = "ClientLib", "Common\ClientLib\ClientLib.csproj", "{5E7FA35B-EDE1-4892-8D47-7DBD49D748C6}"
EndProject
Project("{9A19103F-16F7-4668-BE54-9A1E7A4F7556}") = "GameTests", "Tests\GameTests.csproj", "{DEAB2F2C-DA52-4556-8C10-02289D7B5805}"
EndProject
Project("{9A19103F-16F7-4668-BE54-9A1E7A4F7556}") = "ServerLib", "Common\ServerLib\ServerLib.csproj", "{3BB335CD-7E0D-478C-9FA6-3DC69DE1272C}"
EndProject
Project("{9A19103F-16F7-4668-BE54-9A1E7A4F7556}") = "FrontendApp", "FrontendApp\FrontendApp.csproj", "{A291B84E-51EF-420E-B785-1EC1DC3385B5}"
EndProject
Project("{9A19103F-16F7-4668-BE54-9A1E7A4F7556}") = "SharedGameLib", "SharedGameLib\SharedGameLib.csproj", "{EE7DC063-3B8F-4BE5-BFBC-29BA7CC0CBA5}"
EndProject
Project("{9A19103F-16F7-4668-BE54-9A1E7A4F7556}") = "TestServer", "TestServer\TestServer.csproj", "{35535C9A-C715-4727-BB29-92D028D65255}"
EndProject
Project("{9A19103F-16F7-4668-BE54-9A1E7A4F7556}") = "TestGameLib", "TestLib\TestGameLib.csproj", "{CCD06904-6D00-4190-8E77-975C0657AF96}"
EndProject
Project("{9A19103F-16F7-4668-BE54-9A1E7A4F7556}") = "ClientGameLib", "ClientGameLib\ClientGameLib.csproj", "{B469F662-571C-4494-962D-9AF7A6B1EE0B}"
EndProject
Project("{9A19103F-16F7-4668-BE54-9A1E7A4F7556}") = "DatabaseClientLib", "Common\DatabaseClientLib\DatabaseClientLib.csproj", "{41A574C2-4CDC-4008-93F8-E9E542D82FF7}"
EndProject
Project("{9A19103F-16F7-4668-BE54-9A1E7A4F7556}") = "DatabaseClientGameLib", "DatabaseClientGameLib\DatabaseClientGameLib.csproj", "{46478F99-2ECB-4252-A41D-601540C3165A}"
EndProject
Project("{9A19103F-16F7-4668-BE54-9A1E7A4F7556}") = "SharedLib", "Common\SharedLib\SharedLib.csproj", "{046F258F-66C8-401A-804E-B64F11C474B8}"
EndProject
Project("{2150E333-8FDC-42A3-9474-1A3956D46DE8}") = "Common", "Common", "{D32AB9C0-558A-40EA-A524-8C4EBD81364C}"
EndProject
Project("{9A19103F-16F7-4668-BE54-9A1E7A4F7556}") = "Tests", "Common\Tests\Tests.csproj", "{98B83BBE-BE3A-4CA9-841D-16F8CCE665D0}"
EndProject
Project("{9A19103F-16F7-4668-BE54-9A1E7A4F7556}") = "DatabaseServerLib", "Common\DatabaseServerLib\DatabaseServerLib.csproj", "{EDA487C1-2FC4-46E7-9BE4-6A2145072130}"
EndProject
Project("{9A19103F-16F7-4668-BE54-9A1E7A4F7556}") = "FrontendServerLib", "Common\FrontendServerLib\FrontendServerLib.csproj", "{36CBC7C1-E66C-4419-A3F7-B077CA255118}"
EndProject
Project("{9A19103F-16F7-4668-BE54-9A1E7A4F7556}") = "GameServerLauncher", "Common\GameServerLauncher\GameServerLauncher.csproj", "{2B29292B-B28F-48E2-AE47-DDDEE0FC9F44}"
EndProject
Project("{9A19103F-16F7-4668-BE54-9A1E7A4F7556}") = "AppLauncher", "Common\AppLaucher\AppLauncher.csproj", "{5E312F52-8C98-48D3-B158-68E9EB259838}"
EndProject
Global
	GlobalSection(SolutionConfigurationPlatforms) = preSolution
		Debug|Any CPU = Debug|Any CPU
		Release|Any CPU = Release|Any CPU
	EndGlobalSection
	GlobalSection(ProjectConfigurationPlatforms) = postSolution
		{BC499E5D-ABB5-4421-B053-C3C03526EAF8}.Debug|Any CPU.ActiveCfg = Debug|Any CPU
		{BC499E5D-ABB5-4421-B053-C3C03526EAF8}.Debug|Any CPU.Build.0 = Debug|Any CPU
		{BC499E5D-ABB5-4421-B053-C3C03526EAF8}.Release|Any CPU.ActiveCfg = Release|Any CPU
		{BC499E5D-ABB5-4421-B053-C3C03526EAF8}.Release|Any CPU.Build.0 = Release|Any CPU
		{E17E7E8F-DE9A-4F05-8700-57FC23FC8BA3}.Debug|Any CPU.ActiveCfg = Debug|Any CPU
		{E17E7E8F-DE9A-4F05-8700-57FC23FC8BA3}.Debug|Any CPU.Build.0 = Debug|Any CPU
		{E17E7E8F-DE9A-4F05-8700-57FC23FC8BA3}.Release|Any CPU.ActiveCfg = Release|Any CPU
		{E17E7E8F-DE9A-4F05-8700-57FC23FC8BA3}.Release|Any CPU.Build.0 = Release|Any CPU
		{5E7FA35B-EDE1-4892-8D47-7DBD49D748C6}.Debug|Any CPU.ActiveCfg = Debug|Any CPU
		{5E7FA35B-EDE1-4892-8D47-7DBD49D748C6}.Debug|Any CPU.Build.0 = Debug|Any CPU
		{5E7FA35B-EDE1-4892-8D47-7DBD49D748C6}.Release|Any CPU.ActiveCfg = Release|Any CPU
		{5E7FA35B-EDE1-4892-8D47-7DBD49D748C6}.Release|Any CPU.Build.0 = Release|Any CPU
		{DEAB2F2C-DA52-4556-8C10-02289D7B5805}.Debug|Any CPU.ActiveCfg = Debug|Any CPU
		{DEAB2F2C-DA52-4556-8C10-02289D7B5805}.Debug|Any CPU.Build.0 = Debug|Any CPU
		{DEAB2F2C-DA52-4556-8C10-02289D7B5805}.Release|Any CPU.ActiveCfg = Release|Any CPU
		{DEAB2F2C-DA52-4556-8C10-02289D7B5805}.Release|Any CPU.Build.0 = Release|Any CPU
		{3BB335CD-7E0D-478C-9FA6-3DC69DE1272C}.Debug|Any CPU.ActiveCfg = Debug|Any CPU
		{3BB335CD-7E0D-478C-9FA6-3DC69DE1272C}.Debug|Any CPU.Build.0 = Debug|Any CPU
		{3BB335CD-7E0D-478C-9FA6-3DC69DE1272C}.Release|Any CPU.ActiveCfg = Release|Any CPU
		{3BB335CD-7E0D-478C-9FA6-3DC69DE1272C}.Release|Any CPU.Build.0 = Release|Any CPU
		{A291B84E-51EF-420E-B785-1EC1DC3385B5}.Debug|Any CPU.ActiveCfg = Debug|Any CPU
		{A291B84E-51EF-420E-B785-1EC1DC3385B5}.Debug|Any CPU.Build.0 = Debug|Any CPU
		{A291B84E-51EF-420E-B785-1EC1DC3385B5}.Release|Any CPU.ActiveCfg = Release|Any CPU
		{A291B84E-51EF-420E-B785-1EC1DC3385B5}.Release|Any CPU.Build.0 = Release|Any CPU
		{EE7DC063-3B8F-4BE5-BFBC-29BA7CC0CBA5}.Debug|Any CPU.ActiveCfg = Debug|Any CPU
		{EE7DC063-3B8F-4BE5-BFBC-29BA7CC0CBA5}.Debug|Any CPU.Build.0 = Debug|Any CPU
		{EE7DC063-3B8F-4BE5-BFBC-29BA7CC0CBA5}.Release|Any CPU.ActiveCfg = Release|Any CPU
		{EE7DC063-3B8F-4BE5-BFBC-29BA7CC0CBA5}.Release|Any CPU.Build.0 = Release|Any CPU
		{35535C9A-C715-4727-BB29-92D028D65255}.Debug|Any CPU.ActiveCfg = Debug|Any CPU
		{35535C9A-C715-4727-BB29-92D028D65255}.Debug|Any CPU.Build.0 = Debug|Any CPU
		{35535C9A-C715-4727-BB29-92D028D65255}.Release|Any CPU.ActiveCfg = Release|Any CPU
		{35535C9A-C715-4727-BB29-92D028D65255}.Release|Any CPU.Build.0 = Release|Any CPU
		{CCD06904-6D00-4190-8E77-975C0657AF96}.Debug|Any CPU.ActiveCfg = Debug|Any CPU
		{CCD06904-6D00-4190-8E77-975C0657AF96}.Debug|Any CPU.Build.0 = Debug|Any CPU
		{CCD06904-6D00-4190-8E77-975C0657AF96}.Release|Any CPU.ActiveCfg = Release|Any CPU
		{CCD06904-6D00-4190-8E77-975C0657AF96}.Release|Any CPU.Build.0 = Release|Any CPU
		{B469F662-571C-4494-962D-9AF7A6B1EE0B}.Debug|Any CPU.ActiveCfg = Debug|Any CPU
		{B469F662-571C-4494-962D-9AF7A6B1EE0B}.Debug|Any CPU.Build.0 = Debug|Any CPU
		{B469F662-571C-4494-962D-9AF7A6B1EE0B}.Release|Any CPU.ActiveCfg = Release|Any CPU
		{B469F662-571C-4494-962D-9AF7A6B1EE0B}.Release|Any CPU.Build.0 = Release|Any CPU
		{41A574C2-4CDC-4008-93F8-E9E542D82FF7}.Debug|Any CPU.ActiveCfg = Debug|Any CPU
		{41A574C2-4CDC-4008-93F8-E9E542D82FF7}.Debug|Any CPU.Build.0 = Debug|Any CPU
		{41A574C2-4CDC-4008-93F8-E9E542D82FF7}.Release|Any CPU.ActiveCfg = Release|Any CPU
		{41A574C2-4CDC-4008-93F8-E9E542D82FF7}.Release|Any CPU.Build.0 = Release|Any CPU
		{46478F99-2ECB-4252-A41D-601540C3165A}.Debug|Any CPU.ActiveCfg = Debug|Any CPU
		{46478F99-2ECB-4252-A41D-601540C3165A}.Debug|Any CPU.Build.0 = Debug|Any CPU
		{46478F99-2ECB-4252-A41D-601540C3165A}.Release|Any CPU.ActiveCfg = Release|Any CPU
		{46478F99-2ECB-4252-A41D-601540C3165A}.Release|Any CPU.Build.0 = Release|Any CPU
		{046F258F-66C8-401A-804E-B64F11C474B8}.Debug|Any CPU.ActiveCfg = Debug|Any CPU
		{046F258F-66C8-401A-804E-B64F11C474B8}.Debug|Any CPU.Build.0 = Debug|Any CPU
		{046F258F-66C8-401A-804E-B64F11C474B8}.Release|Any CPU.ActiveCfg = Release|Any CPU
		{046F258F-66C8-401A-804E-B64F11C474B8}.Release|Any CPU.Build.0 = Release|Any CPU
		{98B83BBE-BE3A-4CA9-841D-16F8CCE665D0}.Debug|Any CPU.ActiveCfg = Debug|Any CPU
		{98B83BBE-BE3A-4CA9-841D-16F8CCE665D0}.Debug|Any CPU.Build.0 = Debug|Any CPU
		{98B83BBE-BE3A-4CA9-841D-16F8CCE665D0}.Release|Any CPU.ActiveCfg = Release|Any CPU
		{98B83BBE-BE3A-4CA9-841D-16F8CCE665D0}.Release|Any CPU.Build.0 = Release|Any CPU
		{EDA487C1-2FC4-46E7-9BE4-6A2145072130}.Debug|Any CPU.ActiveCfg = Debug|Any CPU
		{EDA487C1-2FC4-46E7-9BE4-6A2145072130}.Debug|Any CPU.Build.0 = Debug|Any CPU
		{EDA487C1-2FC4-46E7-9BE4-6A2145072130}.Release|Any CPU.ActiveCfg = Release|Any CPU
		{EDA487C1-2FC4-46E7-9BE4-6A2145072130}.Release|Any CPU.Build.0 = Release|Any CPU
		{36CBC7C1-E66C-4419-A3F7-B077CA255118}.Debug|Any CPU.ActiveCfg = Debug|Any CPU
		{36CBC7C1-E66C-4419-A3F7-B077CA255118}.Debug|Any CPU.Build.0 = Debug|Any CPU
		{36CBC7C1-E66C-4419-A3F7-B077CA255118}.Release|Any CPU.ActiveCfg = Release|Any CPU
		{36CBC7C1-E66C-4419-A3F7-B077CA255118}.Release|Any CPU.Build.0 = Release|Any CPU
		{2B29292B-B28F-48E2-AE47-DDDEE0FC9F44}.Debug|Any CPU.ActiveCfg = Debug|Any CPU
		{2B29292B-B28F-48E2-AE47-DDDEE0FC9F44}.Debug|Any CPU.Build.0 = Debug|Any CPU
		{2B29292B-B28F-48E2-AE47-DDDEE0FC9F44}.Release|Any CPU.ActiveCfg = Release|Any CPU
		{2B29292B-B28F-48E2-AE47-DDDEE0FC9F44}.Release|Any CPU.Build.0 = Release|Any CPU
		{5E312F52-8C98-48D3-B158-68E9EB259838}.Debug|Any CPU.ActiveCfg = Debug|Any CPU
		{5E312F52-8C98-48D3-B158-68E9EB259838}.Debug|Any CPU.Build.0 = Debug|Any CPU
		{5E312F52-8C98-48D3-B158-68E9EB259838}.Release|Any CPU.ActiveCfg = Release|Any CPU
		{5E312F52-8C98-48D3-B158-68E9EB259838}.Release|Any CPU.Build.0 = Release|Any CPU
	EndGlobalSection
	GlobalSection(SolutionProperties) = preSolution
		HideSolutionNode = FALSE
	EndGlobalSection
	GlobalSection(NestedProjects) = preSolution
		{E17E7E8F-DE9A-4F05-8700-57FC23FC8BA3} = {D32AB9C0-558A-40EA-A524-8C4EBD81364C}
		{5E7FA35B-EDE1-4892-8D47-7DBD49D748C6} = {D32AB9C0-558A-40EA-A524-8C4EBD81364C}
		{3BB335CD-7E0D-478C-9FA6-3DC69DE1272C} = {D32AB9C0-558A-40EA-A524-8C4EBD81364C}
		{41A574C2-4CDC-4008-93F8-E9E542D82FF7} = {D32AB9C0-558A-40EA-A524-8C4EBD81364C}
		{046F258F-66C8-401A-804E-B64F11C474B8} = {D32AB9C0-558A-40EA-A524-8C4EBD81364C}
		{98B83BBE-BE3A-4CA9-841D-16F8CCE665D0} = {D32AB9C0-558A-40EA-A524-8C4EBD81364C}
		{EDA487C1-2FC4-46E7-9BE4-6A2145072130} = {D32AB9C0-558A-40EA-A524-8C4EBD81364C}
		{36CBC7C1-E66C-4419-A3F7-B077CA255118} = {D32AB9C0-558A-40EA-A524-8C4EBD81364C}
		{2B29292B-B28F-48E2-AE47-DDDEE0FC9F44} = {D32AB9C0-558A-40EA-A524-8C4EBD81364C}
		{5E312F52-8C98-48D3-B158-68E9EB259838} = {D32AB9C0-558A-40EA-A524-8C4EBD81364C}
	EndGlobalSection
	GlobalSection(ExtensibilityGlobals) = postSolution
		SolutionGuid = {81C47C4F-0AEC-49C4-B3B0-8B6854A1D9E2}
	EndGlobalSection
EndGlobal
